
Microsoft Visual Studio Solution File, Format Version 12.00
# Visual Studio Version 16
VisualStudioVersion = 16.0.31005.135
MinimumVisualStudioVersion = 10.0.40219.1
Project("{FAE04EC0-301F-11D3-BF4B-00C04F79EFBC}") = "SQLTestProject", "SQLTestProject\SQLTestProject.csproj", "{C9F268DF-CFE6-4531-AA2E-8DD881927E7A}"
EndProject
Global
	GlobalSection(SolutionConfigurationPlatforms) = preSolution
		Debug|Any CPU = Debug|Any CPU
		Release|Any CPU = Release|Any CPU
	EndGlobalSection
	GlobalSection(ProjectConfigurationPlatforms) = postSolution
		{C9F268DF-CFE6-4531-AA2E-8DD881927E7A}.Debug|Any CPU.ActiveCfg = Debug|Any CPU
		{C9F268DF-CFE6-4531-AA2E-8DD881927E7A}.Debug|Any CPU.Build.0 = Debug|Any CPU
		{C9F268DF-CFE6-4531-AA2E-8DD881927E7A}.Release|Any CPU.ActiveCfg = Release|Any CPU
		{C9F268DF-CFE6-4531-AA2E-8DD881927E7A}.Release|Any CPU.Build.0 = Release|Any CPU
	EndGlobalSection
	GlobalSection(SolutionProperties) = preSolution
		HideSolutionNode = FALSE
	EndGlobalSection
	GlobalSection(ExtensibilityGlobals) = postSolution
		SolutionGuid = {2BED24DC-F104-4996-BB1E-A2A61272B9C0}
	EndGlobalSection
EndGlobal
